
Microsoft Visual Studio Solution File, Format Version 12.00
# Visual Studio Version 16
VisualStudioVersion = 16.0.32802.440
MinimumVisualStudioVersion = 10.0.40219.1
Project("{FAE04EC0-301F-11D3-BF4B-00C04F79EFBC}") = "Quest Twine-Izer", "Quest Twine-Izer.csproj", "{0EA9E451-6A8F-4B34-B37B-EC89AD9DFA23}"
EndProject
Global
	GlobalSection(SolutionConfigurationPlatforms) = preSolution
		Debug|Any CPU = Debug|Any CPU
		Release|Any CPU = Release|Any CPU
	EndGlobalSection
	GlobalSection(ProjectConfigurationPlatforms) = postSolution
		{0EA9E451-6A8F-4B34-B37B-EC89AD9DFA23}.Debug|Any CPU.ActiveCfg = Debug|Any CPU
		{0EA9E451-6A8F-4B34-B37B-EC89AD9DFA23}.Debug|Any CPU.Build.0 = Debug|Any CPU
		{0EA9E451-6A8F-4B34-B37B-EC89AD9DFA23}.Release|Any CPU.ActiveCfg = Release|Any CPU
		{0EA9E451-6A8F-4B34-B37B-EC89AD9DFA23}.Release|Any CPU.Build.0 = Release|Any CPU
	EndGlobalSection
	GlobalSection(SolutionProperties) = preSolution
		HideSolutionNode = FALSE
	EndGlobalSection
	GlobalSection(ExtensibilityGlobals) = postSolution
		SolutionGuid = {E5C3AE67-2F23-4530-AAEA-3E151B516483}
	EndGlobalSection
EndGlobal
